{
    "_meta": {
        "hash": {
            "sha256": "fabf8c6937e178642d1d43a6da45f86b54879760852b138a15e6e16929fe5837"
        },
        "pipfile-spec": 6,
        "requires": {
            "python_version": "3.12.1"
        },
        "sources": [
            {
                "name": "pypi",
                "url": "https://pypi.org/simple",
                "verify_ssl": true
            }
        ]
    },
    "default": {
        "asgiref": {
            "hashes": [
                "sha256:a5ab6582236218e5ef1648f242fd9f10626cfd4de8dc377db215d5d5098e3142",
                "sha256:f3bba7092a48005b5f5bacd747d36ee4a5a61f4a269a6df590b43144355ebd2c"
            ],
            "markers": "python_version >= '3.9'",
            "version": "==3.9.1"
        },
        "django": {
            "hashes": [
                "sha256:0745b25681b129a77aae3d4f6549b62d3913d74407831abaa0d9021a03954bae",
                "sha256:2b2ada0ee8a5ff743a40e2b9820d1f8e24c11bac9ae6469cd548f0057ea6ddcd"
            ],
            "markers": "python_version >= '3.10'",
            "version": "==5.2.5"
        },
        "django-cors-headers": {
            "hashes": [
                "sha256:6fdf31bf9c6d6448ba09ef57157db2268d515d94fc5c89a0a1028e1fc03ee52b",
                "sha256:f1c125dcd58479fe7a67fe2499c16ee38b81b397463cf025f0e2c42937421070"
            ],
            "index": "pypi",
            "markers": "python_version >= '3.9'",
            "version": "==4.7.0"
        },
        "django-environ": {
            "hashes": [
                "sha256:227dc891453dd5bde769c3449cf4a74b6f2ee8f7ab2361c93a07068f4179041a",
                "sha256:92fb346a158abda07ffe6eb23135ce92843af06ecf8753f43adf9d2366dcc0ca"
            ],
            "index": "pypi",
            "markers": "python_version >= '3.9' and python_version < '4'",
            "version": "==0.12.0"
        },
        "djangorestframework": {
            "hashes": [
                "sha256:166809528b1aced0a17dc66c24492af18049f2c9420dbd0be29422029cfc3ff7",
                "sha256:33a59f47fb9c85ede792cbf88bde71893bcda0667bc573f784649521f1102cec"
            ],
            "index": "pypi",
            "markers": "python_version >= '3.9'",
            "version": "==3.16.1"
        },
        "djangorestframework-simplejwt": {
            "hashes": [
                "sha256:2c30f3707053d384e9f315d11c2daccfcb548d4faa453111ca19a542b732e469",
                "sha256:e72c5572f51d7803021288e2057afcbd03f17fe11d484096f40a460abc76e87f"
            ],
            "index": "pypi",
            "markers": "python_version >= '3.9'",
            "version": "==5.5.1"
        },
        "psycopg2": {
            "hashes": [
                "sha256:0435034157049f6846e95103bd8f5a668788dd913a7c30162ca9503fdf542cb4",
                "sha256:12ec0b40b0273f95296233e8750441339298e6a572f7039da5b260e3c8b60e11",
                "sha256:47c4f9875125344f4c2b870e41b6aad585901318068acd01de93f3677a6522c2",
                "sha256:4a579d6243da40a7b3182e0430493dbd55950c493d8c68f4eec0b302f6bbf20e",
                "sha256:5df2b672140f95adb453af93a7d669d7a7bf0a56bcd26f1502329166f4a61716",
                "sha256:65a63d7ab0e067e2cdb3cf266de39663203d38d6a8ed97f5ca0cb315c73fe067",
                "sha256:88138c8dedcbfa96408023ea2b0c369eda40fe5d75002c0964c78f46f11fa442",
                "sha256:91fd603a2155da8d0cfcdbf8ab24a2d54bca72795b90d2a3ed2b6da8d979dee2",
                "sha256:9d5b3b94b79a844a986d029eee38998232451119ad653aea42bb9220a8c5066b",
                "sha256:c6f7b8561225f9e711a9c47087388a97fdc948211c10a4bccbf0ba68ab7b3b5a"
            ],
            "index": "pypi",
            "markers": "python_version >= '3.8'",
            "version": "==2.9.10"
        },
        "pycodestyle": {
            "hashes": [
                "sha256:c4b5b517d278089ff9d0abdec919cd97262a3367449ea1c8b49b91529167b783",
                "sha256:dd6bf7cb4ee77f8e016f9c8e74a35ddd9f67e1d5fd4184d86c3b98e07099f42d"
            ],
            "index": "pypi",
            "markers": "python_version >= '3.9'",
            "version": "==2.14.0"
        },
        "pyjwt": {
            "hashes": [
                "sha256:3cc5772eb20009233caf06e9d8a0577824723b44e6648ee0a2aedb6cf9381953",
                "sha256:dcdd193e30abefd5debf142f9adfcdd2b58004e644f25406ffaebd50bd98dacb"
            ],
            "markers": "python_version >= '3.9'",
            "version": "==2.10.1"
        },
        "sqlparse": {
            "hashes": [
                "sha256:09f67787f56a0b16ecdbde1bfc7f5d9c3371ca683cfeaa8e6ff60b4807ec9272",
                "sha256:cf2196ed3418f3ba5de6af7e82c694a9fbdbfecccdfc72e281548517081f16ca"
            ],
            "markers": "python_version >= '3.8'",
            "version": "==0.5.3"
        },
        "tzdata": {
            "hashes": [
                "sha256:1a403fada01ff9221ca8044d701868fa132215d84beb92242d9acd2147f667a8",
                "sha256:b60a638fcc0daffadf82fe0f57e53d06bdec2f36c4df66280ae79bce6bd6f2b9"
            ],
            "markers": "python_version >= '2'",
            "version": "==2025.2"
        }
    },
    "develop": {}
}
